
Microsoft Visual Studio Solution File, Format Version 12.00
# Visual Studio Version 17
VisualStudioVersion = 17.9.34622.214
MinimumVisualStudioVersion = 10.0.40219.1
Project("{2150E333-8FDC-42A3-9474-1A3956D46DE8}") = "src", "src", "{49CD688B-03E1-42CF-A746-9AAE20F97D95}"
EndProject
Project("{9A19103F-16F7-4668-BE54-9A1E7A4F7556}") = "APPLICATION", "src\APPLICATION\APPLICATION.csproj", "{57FF9028-D449-47EF-B1FB-2A6D9F9CF1D1}"
EndProject
Project("{9A19103F-16F7-4668-BE54-9A1E7A4F7556}") = "DOMAIN", "src\DOMAIN\DOMAIN.csproj", "{CC1A854E-8EE0-4AA0-90CA-D4B7898CB62A}"
EndProject
Project("{9A19103F-16F7-4668-BE54-9A1E7A4F7556}") = "INFRA", "src\INFRA\INFRA.csproj", "{D9D0600B-354F-467D-A5F1-5D01D715DBF3}"
EndProject
Project("{2150E333-8FDC-42A3-9474-1A3956D46DE8}") = "tests", "tests", "{A885A704-6BE1-45FF-A740-D1DC6F15D4CD}"
EndProject
Project("{9A19103F-16F7-4668-BE54-9A1E7A4F7556}") = "DOMAIN", "tests\TEACHCHALLENGE.DOMAIN\DOMAIN.csproj", "{BDA5478E-67E7-4A09-8B0A-0D5580EC21A5}"
EndProject
Project("{9A19103F-16F7-4668-BE54-9A1E7A4F7556}") = "APPLICATION-TEST", "tests\APPLICATION\APPLICATION-TEST.csproj", "{949CE408-F176-42C7-915E-B29F9301710D}"
EndProject
Project("{9A19103F-16F7-4668-BE54-9A1E7A4F7556}") = "INFRA", "tests\INFRA\INFRA.csproj", "{34DE1385-D9AB-4CF8-A9A4-12583F8A535E}"
EndProject
Project("{9A19103F-16F7-4668-BE54-9A1E7A4F7556}") = "API", "tests\API\API.csproj", "{5A319ACF-F585-4FBF-B622-D20DFD92A774}"
EndProject
Project("{9A19103F-16F7-4668-BE54-9A1E7A4F7556}") = "API", "src\API\API.csproj", "{D767A877-0649-4B57-A29B-23A1981A294C}"
EndProject
Global
	GlobalSection(SolutionConfigurationPlatforms) = preSolution
		Debug|Any CPU = Debug|Any CPU
		Release|Any CPU = Release|Any CPU
	EndGlobalSection
	GlobalSection(ProjectConfigurationPlatforms) = postSolution
		{57FF9028-D449-47EF-B1FB-2A6D9F9CF1D1}.Debug|Any CPU.ActiveCfg = Debug|Any CPU
		{57FF9028-D449-47EF-B1FB-2A6D9F9CF1D1}.Debug|Any CPU.Build.0 = Debug|Any CPU
		{57FF9028-D449-47EF-B1FB-2A6D9F9CF1D1}.Release|Any CPU.ActiveCfg = Release|Any CPU
		{57FF9028-D449-47EF-B1FB-2A6D9F9CF1D1}.Release|Any CPU.Build.0 = Release|Any CPU
		{CC1A854E-8EE0-4AA0-90CA-D4B7898CB62A}.Debug|Any CPU.ActiveCfg = Debug|Any CPU
		{CC1A854E-8EE0-4AA0-90CA-D4B7898CB62A}.Debug|Any CPU.Build.0 = Debug|Any CPU
		{CC1A854E-8EE0-4AA0-90CA-D4B7898CB62A}.Release|Any CPU.ActiveCfg = Release|Any CPU
		{CC1A854E-8EE0-4AA0-90CA-D4B7898CB62A}.Release|Any CPU.Build.0 = Release|Any CPU
		{D9D0600B-354F-467D-A5F1-5D01D715DBF3}.Debug|Any CPU.ActiveCfg = Debug|Any CPU
		{D9D0600B-354F-467D-A5F1-5D01D715DBF3}.Debug|Any CPU.Build.0 = Debug|Any CPU
		{D9D0600B-354F-467D-A5F1-5D01D715DBF3}.Release|Any CPU.ActiveCfg = Release|Any CPU
		{D9D0600B-354F-467D-A5F1-5D01D715DBF3}.Release|Any CPU.Build.0 = Release|Any CPU
		{BDA5478E-67E7-4A09-8B0A-0D5580EC21A5}.Debug|Any CPU.ActiveCfg = Debug|Any CPU
		{BDA5478E-67E7-4A09-8B0A-0D5580EC21A5}.Debug|Any CPU.Build.0 = Debug|Any CPU
		{BDA5478E-67E7-4A09-8B0A-0D5580EC21A5}.Release|Any CPU.ActiveCfg = Release|Any CPU
		{BDA5478E-67E7-4A09-8B0A-0D5580EC21A5}.Release|Any CPU.Build.0 = Release|Any CPU
		{949CE408-F176-42C7-915E-B29F9301710D}.Debug|Any CPU.ActiveCfg = Debug|Any CPU
		{949CE408-F176-42C7-915E-B29F9301710D}.Debug|Any CPU.Build.0 = Debug|Any CPU
		{949CE408-F176-42C7-915E-B29F9301710D}.Release|Any CPU.ActiveCfg = Release|Any CPU
		{949CE408-F176-42C7-915E-B29F9301710D}.Release|Any CPU.Build.0 = Release|Any CPU
		{34DE1385-D9AB-4CF8-A9A4-12583F8A535E}.Debug|Any CPU.ActiveCfg = Debug|Any CPU
		{34DE1385-D9AB-4CF8-A9A4-12583F8A535E}.Debug|Any CPU.Build.0 = Debug|Any CPU
		{34DE1385-D9AB-4CF8-A9A4-12583F8A535E}.Release|Any CPU.ActiveCfg = Release|Any CPU
		{34DE1385-D9AB-4CF8-A9A4-12583F8A535E}.Release|Any CPU.Build.0 = Release|Any CPU
		{5A319ACF-F585-4FBF-B622-D20DFD92A774}.Debug|Any CPU.ActiveCfg = Debug|Any CPU
		{5A319ACF-F585-4FBF-B622-D20DFD92A774}.Debug|Any CPU.Build.0 = Debug|Any CPU
		{5A319ACF-F585-4FBF-B622-D20DFD92A774}.Release|Any CPU.ActiveCfg = Release|Any CPU
		{5A319ACF-F585-4FBF-B622-D20DFD92A774}.Release|Any CPU.Build.0 = Release|Any CPU
		{D767A877-0649-4B57-A29B-23A1981A294C}.Debug|Any CPU.ActiveCfg = Debug|Any CPU
		{D767A877-0649-4B57-A29B-23A1981A294C}.Debug|Any CPU.Build.0 = Debug|Any CPU
		{D767A877-0649-4B57-A29B-23A1981A294C}.Release|Any CPU.ActiveCfg = Release|Any CPU
		{D767A877-0649-4B57-A29B-23A1981A294C}.Release|Any CPU.Build.0 = Release|Any CPU
	EndGlobalSection
	GlobalSection(SolutionProperties) = preSolution
		HideSolutionNode = FALSE
	EndGlobalSection
	GlobalSection(NestedProjects) = preSolution
		{57FF9028-D449-47EF-B1FB-2A6D9F9CF1D1} = {49CD688B-03E1-42CF-A746-9AAE20F97D95}
		{CC1A854E-8EE0-4AA0-90CA-D4B7898CB62A} = {49CD688B-03E1-42CF-A746-9AAE20F97D95}
		{D9D0600B-354F-467D-A5F1-5D01D715DBF3} = {49CD688B-03E1-42CF-A746-9AAE20F97D95}
		{BDA5478E-67E7-4A09-8B0A-0D5580EC21A5} = {A885A704-6BE1-45FF-A740-D1DC6F15D4CD}
		{949CE408-F176-42C7-915E-B29F9301710D} = {A885A704-6BE1-45FF-A740-D1DC6F15D4CD}
		{34DE1385-D9AB-4CF8-A9A4-12583F8A535E} = {A885A704-6BE1-45FF-A740-D1DC6F15D4CD}
		{5A319ACF-F585-4FBF-B622-D20DFD92A774} = {A885A704-6BE1-45FF-A740-D1DC6F15D4CD}
		{D767A877-0649-4B57-A29B-23A1981A294C} = {49CD688B-03E1-42CF-A746-9AAE20F97D95}
	EndGlobalSection
	GlobalSection(ExtensibilityGlobals) = postSolution
		SolutionGuid = {577B15BA-A5C5-47FE-A994-B633C1EFFA38}
	EndGlobalSection
EndGlobal
